
Microsoft Visual Studio Solution File, Format Version 12.00
# Visual Studio Version 17
VisualStudioVersion = 17.7.34031.279
MinimumVisualStudioVersion = 10.0.40219.1
Project("{FAE04EC0-301F-11D3-BF4B-00C04F79EFBC}") = "ConsoleApp1", "ConsoleApp1\ConsoleApp1.csproj", "{970FC1F8-B0AC-43D9-A088-66DEC80BE978}"
EndProject
Global
	GlobalSection(SolutionConfigurationPlatforms) = preSolution
		Debug|Any CPU = Debug|Any CPU
		Release|Any CPU = Release|Any CPU
	EndGlobalSection
	GlobalSection(ProjectConfigurationPlatforms) = postSolution
		{970FC1F8-B0AC-43D9-A088-66DEC80BE978}.Debug|Any CPU.ActiveCfg = Debug|Any CPU
		{970FC1F8-B0AC-43D9-A088-66DEC80BE978}.Debug|Any CPU.Build.0 = Debug|Any CPU
		{970FC1F8-B0AC-43D9-A088-66DEC80BE978}.Release|Any CPU.ActiveCfg = Release|Any CPU
		{970FC1F8-B0AC-43D9-A088-66DEC80BE978}.Release|Any CPU.Build.0 = Release|Any CPU
	EndGlobalSection
	GlobalSection(SolutionProperties) = preSolution
		HideSolutionNode = FALSE
	EndGlobalSection
	GlobalSection(ExtensibilityGlobals) = postSolution
		SolutionGuid = {04364C8E-F6B5-479B-9148-3770F86BCD94}
	EndGlobalSection
EndGlobal
